
Microsoft Visual Studio Solution File, Format Version 12.00
# Visual Studio 14
VisualStudioVersion = 14.0.23107.0
MinimumVisualStudioVersion = 10.0.40219.1
Project("{FAE04EC0-301F-11D3-BF4B-00C04F79EFBC}") = "MuAtl", "MuAtl.Wpf\MuAtl.csproj", "{0832924E-04F2-43EB-882D-C1EA61D00F17}"
EndProject
Project("{FAE04EC0-301F-11D3-BF4B-00C04F79EFBC}") = "MuAtl.Test", "MuAtl.Test\MuAtl.Test.csproj", "{36F1CC11-6A37-4BD3-A579-529710429120}"
EndProject
Global
	GlobalSection(SolutionConfigurationPlatforms) = preSolution
		Debug|Any CPU = Debug|Any CPU
		Release|Any CPU = Release|Any CPU
	EndGlobalSection
	GlobalSection(ProjectConfigurationPlatforms) = postSolution
		{0832924E-04F2-43EB-882D-C1EA61D00F17}.Debug|Any CPU.ActiveCfg = Debug|Any CPU
		{0832924E-04F2-43EB-882D-C1EA61D00F17}.Debug|Any CPU.Build.0 = Debug|Any CPU
		{0832924E-04F2-43EB-882D-C1EA61D00F17}.Release|Any CPU.ActiveCfg = Release|Any CPU
		{0832924E-04F2-43EB-882D-C1EA61D00F17}.Release|Any CPU.Build.0 = Release|Any CPU
		{36F1CC11-6A37-4BD3-A579-529710429120}.Debug|Any CPU.ActiveCfg = Debug|Any CPU
		{36F1CC11-6A37-4BD3-A579-529710429120}.Debug|Any CPU.Build.0 = Debug|Any CPU
		{36F1CC11-6A37-4BD3-A579-529710429120}.Release|Any CPU.ActiveCfg = Release|Any CPU
		{36F1CC11-6A37-4BD3-A579-529710429120}.Release|Any CPU.Build.0 = Release|Any CPU
	EndGlobalSection
	GlobalSection(SolutionProperties) = preSolution
		HideSolutionNode = FALSE
	EndGlobalSection
EndGlobal
